
Microsoft Visual Studio Solution File, Format Version 12.00
# Visual Studio Version 17
VisualStudioVersion = 17.0.31612.314
MinimumVisualStudioVersion = 10.0.40219.1
Project("{9A19103F-16F7-4668-BE54-9A1E7A4F7556}") = "CityBreaks", "CityBreaks\CityBreaks.csproj", "{AD91FE0B-989B-4F92-A01F-187B11F3E232}"
EndProject
Global
	GlobalSection(SolutionConfigurationPlatforms) = preSolution
		Debug|Any CPU = Debug|Any CPU
		Release|Any CPU = Release|Any CPU
	EndGlobalSection
	GlobalSection(ProjectConfigurationPlatforms) = postSolution
		{AD91FE0B-989B-4F92-A01F-187B11F3E232}.Debug|Any CPU.ActiveCfg = Debug|Any CPU
		{AD91FE0B-989B-4F92-A01F-187B11F3E232}.Debug|Any CPU.Build.0 = Debug|Any CPU
		{AD91FE0B-989B-4F92-A01F-187B11F3E232}.Release|Any CPU.ActiveCfg = Release|Any CPU
		{AD91FE0B-989B-4F92-A01F-187B11F3E232}.Release|Any CPU.Build.0 = Release|Any CPU
	EndGlobalSection
	GlobalSection(SolutionProperties) = preSolution
		HideSolutionNode = FALSE
	EndGlobalSection
	GlobalSection(ExtensibilityGlobals) = postSolution
		SolutionGuid = {92722858-15D4-4621-B2C3-96EF18DC9E44}
	EndGlobalSection
EndGlobal
