
Microsoft Visual Studio Solution File, Format Version 12.00
# Visual Studio Version 17
VisualStudioVersion = 17.0.31410.414
MinimumVisualStudioVersion = 10.0.40219.1
Project("{9A19103F-16F7-4668-BE54-9A1E7A4F7556}") = "CityBreaks", "CityBreaks\CityBreaks.csproj", "{10F789D4-AACC-4474-9E89-94B9FAF1B1A8}"
EndProject
Global
	GlobalSection(SolutionConfigurationPlatforms) = preSolution
		Debug|Any CPU = Debug|Any CPU
		Release|Any CPU = Release|Any CPU
	EndGlobalSection
	GlobalSection(ProjectConfigurationPlatforms) = postSolution
		{10F789D4-AACC-4474-9E89-94B9FAF1B1A8}.Debug|Any CPU.ActiveCfg = Debug|Any CPU
		{10F789D4-AACC-4474-9E89-94B9FAF1B1A8}.Debug|Any CPU.Build.0 = Debug|Any CPU
		{10F789D4-AACC-4474-9E89-94B9FAF1B1A8}.Release|Any CPU.ActiveCfg = Release|Any CPU
		{10F789D4-AACC-4474-9E89-94B9FAF1B1A8}.Release|Any CPU.Build.0 = Release|Any CPU
	EndGlobalSection
	GlobalSection(SolutionProperties) = preSolution
		HideSolutionNode = FALSE
	EndGlobalSection
	GlobalSection(ExtensibilityGlobals) = postSolution
		SolutionGuid = {3E2B767F-0311-4243-8A4C-48558F66F246}
	EndGlobalSection
EndGlobal
