
Microsoft Visual Studio Solution File, Format Version 12.00
# Visual Studio Version 17
VisualStudioVersion = 17.0.31410.414
MinimumVisualStudioVersion = 10.0.40219.1
Project("{9A19103F-16F7-4668-BE54-9A1E7A4F7556}") = "CityBreaks", "CityBreaks\CityBreaks.csproj", "{0A72A2E4-4E54-49E4-967C-24A418F189AD}"
EndProject
Global
	GlobalSection(SolutionConfigurationPlatforms) = preSolution
		Debug|Any CPU = Debug|Any CPU
		Release|Any CPU = Release|Any CPU
	EndGlobalSection
	GlobalSection(ProjectConfigurationPlatforms) = postSolution
		{0A72A2E4-4E54-49E4-967C-24A418F189AD}.Debug|Any CPU.ActiveCfg = Debug|Any CPU
		{0A72A2E4-4E54-49E4-967C-24A418F189AD}.Debug|Any CPU.Build.0 = Debug|Any CPU
		{0A72A2E4-4E54-49E4-967C-24A418F189AD}.Release|Any CPU.ActiveCfg = Release|Any CPU
		{0A72A2E4-4E54-49E4-967C-24A418F189AD}.Release|Any CPU.Build.0 = Release|Any CPU
	EndGlobalSection
	GlobalSection(SolutionProperties) = preSolution
		HideSolutionNode = FALSE
	EndGlobalSection
	GlobalSection(ExtensibilityGlobals) = postSolution
		SolutionGuid = {DB1357FD-7B94-4561-9410-ADFCC66B2494}
	EndGlobalSection
EndGlobal
