
Microsoft Visual Studio Solution File, Format Version 12.00
# Visual Studio Version 17
VisualStudioVersion = 17.0.31717.71
MinimumVisualStudioVersion = 10.0.40219.1
Project("{9A19103F-16F7-4668-BE54-9A1E7A4F7556}") = "CityBreaks", "CityBreaks\CityBreaks.csproj", "{70DB1600-AD1A-4391-92CB-CAC125217549}"
EndProject
Global
	GlobalSection(SolutionConfigurationPlatforms) = preSolution
		Debug|Any CPU = Debug|Any CPU
		Release|Any CPU = Release|Any CPU
	EndGlobalSection
	GlobalSection(ProjectConfigurationPlatforms) = postSolution
		{70DB1600-AD1A-4391-92CB-CAC125217549}.Debug|Any CPU.ActiveCfg = Debug|Any CPU
		{70DB1600-AD1A-4391-92CB-CAC125217549}.Debug|Any CPU.Build.0 = Debug|Any CPU
		{70DB1600-AD1A-4391-92CB-CAC125217549}.Release|Any CPU.ActiveCfg = Release|Any CPU
		{70DB1600-AD1A-4391-92CB-CAC125217549}.Release|Any CPU.Build.0 = Release|Any CPU
	EndGlobalSection
	GlobalSection(SolutionProperties) = preSolution
		HideSolutionNode = FALSE
	EndGlobalSection
	GlobalSection(ExtensibilityGlobals) = postSolution
		SolutionGuid = {B55361EB-57E8-41A2-BA40-632FB5EDB83F}
	EndGlobalSection
EndGlobal
