
Microsoft Visual Studio Solution File, Format Version 12.00
# Visual Studio Version 16
VisualStudioVersion = 16.0.31320.298
MinimumVisualStudioVersion = 10.0.40219.1
Project("{FAE04EC0-301F-11D3-BF4B-00C04F79EFBC}") = "WebApplication1", "WebApplication1/WebApplication1.csproj", "{1376787B-155D-41B9-87C7-C470B72C4A0D}"
EndProject
Global
	GlobalSection(SolutionConfigurationPlatforms) = preSolution
		Debug|Any CPU = Debug|Any CPU
		Release|Any CPU = Release|Any CPU
	EndGlobalSection
	GlobalSection(ProjectConfigurationPlatforms) = postSolution
		{1376787B-155D-41B9-87C7-C470B72C4A0D}.Debug|Any CPU.ActiveCfg = Debug|Any CPU
		{1376787B-155D-41B9-87C7-C470B72C4A0D}.Debug|Any CPU.Build.0 = Debug|Any CPU
		{1376787B-155D-41B9-87C7-C470B72C4A0D}.Release|Any CPU.ActiveCfg = Release|Any CPU
		{1376787B-155D-41B9-87C7-C470B72C4A0D}.Release|Any CPU.Build.0 = Release|Any CPU
	EndGlobalSection
	GlobalSection(SolutionProperties) = preSolution
		HideSolutionNode = FALSE
	EndGlobalSection
	GlobalSection(ExtensibilityGlobals) = postSolution
		SolutionGuid = {98571D02-D604-4200-8DDB-68356A274FFE}
	EndGlobalSection
EndGlobal
