
Microsoft Visual Studio Solution File, Format Version 12.00
# Visual Studio Version 17
VisualStudioVersion = 17.0.31423.177
MinimumVisualStudioVersion = 10.0.40219.1
Project("{9A19103F-16F7-4668-BE54-9A1E7A4F7556}") = "CityBreaks", "CityBreaks\CityBreaks.csproj", "{AAA0FEC8-A36A-4B41-8959-B8A44CF2AE6C}"
EndProject
Global
	GlobalSection(SolutionConfigurationPlatforms) = preSolution
		Debug|Any CPU = Debug|Any CPU
		Release|Any CPU = Release|Any CPU
	EndGlobalSection
	GlobalSection(ProjectConfigurationPlatforms) = postSolution
		{AAA0FEC8-A36A-4B41-8959-B8A44CF2AE6C}.Debug|Any CPU.ActiveCfg = Debug|Any CPU
		{AAA0FEC8-A36A-4B41-8959-B8A44CF2AE6C}.Debug|Any CPU.Build.0 = Debug|Any CPU
		{AAA0FEC8-A36A-4B41-8959-B8A44CF2AE6C}.Release|Any CPU.ActiveCfg = Release|Any CPU
		{AAA0FEC8-A36A-4B41-8959-B8A44CF2AE6C}.Release|Any CPU.Build.0 = Release|Any CPU
	EndGlobalSection
	GlobalSection(SolutionProperties) = preSolution
		HideSolutionNode = FALSE
	EndGlobalSection
	GlobalSection(ExtensibilityGlobals) = postSolution
		SolutionGuid = {CAB8C3AF-9E7A-4F86-9DBE-FC3A63013B1A}
	EndGlobalSection
EndGlobal
