
Microsoft Visual Studio Solution File, Format Version 12.00
# Visual Studio Version 17
VisualStudioVersion = 17.0.31423.177
MinimumVisualStudioVersion = 10.0.40219.1
Project("{9A19103F-16F7-4668-BE54-9A1E7A4F7556}") = "CityBreaks", "CityBreaks\CityBreaks.csproj", "{2228DA0B-A607-4F4F-A5EA-D81602830201}"
EndProject
Global
	GlobalSection(SolutionConfigurationPlatforms) = preSolution
		Debug|Any CPU = Debug|Any CPU
		Release|Any CPU = Release|Any CPU
	EndGlobalSection
	GlobalSection(ProjectConfigurationPlatforms) = postSolution
		{2228DA0B-A607-4F4F-A5EA-D81602830201}.Debug|Any CPU.ActiveCfg = Debug|Any CPU
		{2228DA0B-A607-4F4F-A5EA-D81602830201}.Debug|Any CPU.Build.0 = Debug|Any CPU
		{2228DA0B-A607-4F4F-A5EA-D81602830201}.Release|Any CPU.ActiveCfg = Release|Any CPU
		{2228DA0B-A607-4F4F-A5EA-D81602830201}.Release|Any CPU.Build.0 = Release|Any CPU
	EndGlobalSection
	GlobalSection(SolutionProperties) = preSolution
		HideSolutionNode = FALSE
	EndGlobalSection
	GlobalSection(ExtensibilityGlobals) = postSolution
		SolutionGuid = {9B830C54-193A-4ABC-9201-066D0333B226}
	EndGlobalSection
EndGlobal
