
Microsoft Visual Studio Solution File, Format Version 12.00
# Visual Studio Version 17
VisualStudioVersion = 17.0.31521.260
MinimumVisualStudioVersion = 10.0.40219.1
Project("{9A19103F-16F7-4668-BE54-9A1E7A4F7556}") = "CityBreaks", "CityBreaks\CityBreaks.csproj", "{26F25BF7-1221-4987-9B40-3669A6622B8B}"
EndProject
Global
	GlobalSection(SolutionConfigurationPlatforms) = preSolution
		Debug|Any CPU = Debug|Any CPU
		Release|Any CPU = Release|Any CPU
	EndGlobalSection
	GlobalSection(ProjectConfigurationPlatforms) = postSolution
		{26F25BF7-1221-4987-9B40-3669A6622B8B}.Debug|Any CPU.ActiveCfg = Debug|Any CPU
		{26F25BF7-1221-4987-9B40-3669A6622B8B}.Debug|Any CPU.Build.0 = Debug|Any CPU
		{26F25BF7-1221-4987-9B40-3669A6622B8B}.Release|Any CPU.ActiveCfg = Release|Any CPU
		{26F25BF7-1221-4987-9B40-3669A6622B8B}.Release|Any CPU.Build.0 = Release|Any CPU
	EndGlobalSection
	GlobalSection(SolutionProperties) = preSolution
		HideSolutionNode = FALSE
	EndGlobalSection
	GlobalSection(ExtensibilityGlobals) = postSolution
		SolutionGuid = {4400FBD9-7013-4FD2-89F3-15684A60BB52}
	EndGlobalSection
EndGlobal
