
Microsoft Visual Studio Solution File, Format Version 12.00
# Visual Studio Version 17
VisualStudioVersion = 17.0.31423.177
MinimumVisualStudioVersion = 10.0.40219.1
Project("{9A19103F-16F7-4668-BE54-9A1E7A4F7556}") = "CityBreaks", "CityBreaks\CityBreaks.csproj", "{B05B3205-356A-4DC7-AC4A-B6A865E371B4}"
EndProject
Global
	GlobalSection(SolutionConfigurationPlatforms) = preSolution
		Debug|Any CPU = Debug|Any CPU
		Release|Any CPU = Release|Any CPU
	EndGlobalSection
	GlobalSection(ProjectConfigurationPlatforms) = postSolution
		{B05B3205-356A-4DC7-AC4A-B6A865E371B4}.Debug|Any CPU.ActiveCfg = Debug|Any CPU
		{B05B3205-356A-4DC7-AC4A-B6A865E371B4}.Debug|Any CPU.Build.0 = Debug|Any CPU
		{B05B3205-356A-4DC7-AC4A-B6A865E371B4}.Release|Any CPU.ActiveCfg = Release|Any CPU
		{B05B3205-356A-4DC7-AC4A-B6A865E371B4}.Release|Any CPU.Build.0 = Release|Any CPU
	EndGlobalSection
	GlobalSection(SolutionProperties) = preSolution
		HideSolutionNode = FALSE
	EndGlobalSection
	GlobalSection(ExtensibilityGlobals) = postSolution
		SolutionGuid = {9149CBC6-D873-485B-A2E2-DAD6636AE871}
	EndGlobalSection
EndGlobal
