
Microsoft Visual Studio Solution File, Format Version 12.00
# Visual Studio Version 16
VisualStudioVersion = 16.0.31320.298
MinimumVisualStudioVersion = 10.0.40219.1
Project("{FAE04EC0-301F-11D3-BF4B-00C04F79EFBC}") = "WebApplication1", "WebApplication1/WebApplication1.csproj", "{0E0C4C6D-489F-47A1-B332-BA94513523F2}"
EndProject
Global
	GlobalSection(SolutionConfigurationPlatforms) = preSolution
		Debug|Any CPU = Debug|Any CPU
		Release|Any CPU = Release|Any CPU
	EndGlobalSection
	GlobalSection(ProjectConfigurationPlatforms) = postSolution
		{0E0C4C6D-489F-47A1-B332-BA94513523F2}.Debug|Any CPU.ActiveCfg = Debug|Any CPU
		{0E0C4C6D-489F-47A1-B332-BA94513523F2}.Debug|Any CPU.Build.0 = Debug|Any CPU
		{0E0C4C6D-489F-47A1-B332-BA94513523F2}.Release|Any CPU.ActiveCfg = Release|Any CPU
		{0E0C4C6D-489F-47A1-B332-BA94513523F2}.Release|Any CPU.Build.0 = Release|Any CPU
	EndGlobalSection
	GlobalSection(SolutionProperties) = preSolution
		HideSolutionNode = FALSE
	EndGlobalSection
	GlobalSection(ExtensibilityGlobals) = postSolution
		SolutionGuid = {722AE26E-83FB-4A58-B62F-EAD611B1BE6E}
	EndGlobalSection
EndGlobal
