
Microsoft Visual Studio Solution File, Format Version 12.00
# Visual Studio Version 17
VisualStudioVersion = 17.0.31410.414
MinimumVisualStudioVersion = 10.0.40219.1
Project("{9A19103F-16F7-4668-BE54-9A1E7A4F7556}") = "CityBreaks", "CityBreaks\CityBreaks.csproj", "{FD21067C-C12C-42E1-8719-4EBBCCFF8BAA}"
EndProject
Global
	GlobalSection(SolutionConfigurationPlatforms) = preSolution
		Debug|Any CPU = Debug|Any CPU
		Release|Any CPU = Release|Any CPU
	EndGlobalSection
	GlobalSection(ProjectConfigurationPlatforms) = postSolution
		{FD21067C-C12C-42E1-8719-4EBBCCFF8BAA}.Debug|Any CPU.ActiveCfg = Debug|Any CPU
		{FD21067C-C12C-42E1-8719-4EBBCCFF8BAA}.Debug|Any CPU.Build.0 = Debug|Any CPU
		{FD21067C-C12C-42E1-8719-4EBBCCFF8BAA}.Release|Any CPU.ActiveCfg = Release|Any CPU
		{FD21067C-C12C-42E1-8719-4EBBCCFF8BAA}.Release|Any CPU.Build.0 = Release|Any CPU
	EndGlobalSection
	GlobalSection(SolutionProperties) = preSolution
		HideSolutionNode = FALSE
	EndGlobalSection
	GlobalSection(ExtensibilityGlobals) = postSolution
		SolutionGuid = {543014E2-59A5-4669-84BA-E3CDE80ECE24}
	EndGlobalSection
EndGlobal
