
Microsoft Visual Studio Solution File, Format Version 12.00
# Visual Studio Version 16
VisualStudioVersion = 16.0.31320.298
MinimumVisualStudioVersion = 10.0.40219.1
Project("{FAE04EC0-301F-11D3-BF4B-00C04F79EFBC}") = "WebApplication1", "WebApplication1/WebApplication1.csproj", "{C92EA7E4-550A-42E9-8E43-DE36F55C7059}"
EndProject
Global
	GlobalSection(SolutionConfigurationPlatforms) = preSolution
		Debug|Any CPU = Debug|Any CPU
		Release|Any CPU = Release|Any CPU
	EndGlobalSection
	GlobalSection(ProjectConfigurationPlatforms) = postSolution
		{C92EA7E4-550A-42E9-8E43-DE36F55C7059}.Debug|Any CPU.ActiveCfg = Debug|Any CPU
		{C92EA7E4-550A-42E9-8E43-DE36F55C7059}.Debug|Any CPU.Build.0 = Debug|Any CPU
		{C92EA7E4-550A-42E9-8E43-DE36F55C7059}.Release|Any CPU.ActiveCfg = Release|Any CPU
		{C92EA7E4-550A-42E9-8E43-DE36F55C7059}.Release|Any CPU.Build.0 = Release|Any CPU
	EndGlobalSection
	GlobalSection(SolutionProperties) = preSolution
		HideSolutionNode = FALSE
	EndGlobalSection
	GlobalSection(ExtensibilityGlobals) = postSolution
		SolutionGuid = {F50284CA-A6CB-430F-B6D8-B73D4FD42046}
	EndGlobalSection
EndGlobal
