
Microsoft Visual Studio Solution File, Format Version 12.00
# Visual Studio Version 17
VisualStudioVersion = 17.0.31410.414
MinimumVisualStudioVersion = 10.0.40219.1
Project("{9A19103F-16F7-4668-BE54-9A1E7A4F7556}") = "CityBreaks", "CityBreaks\CityBreaks.csproj", "{4F21C271-52F2-4DEC-B5D8-EBEBFA079832}"
EndProject
Global
	GlobalSection(SolutionConfigurationPlatforms) = preSolution
		Debug|Any CPU = Debug|Any CPU
		Release|Any CPU = Release|Any CPU
	EndGlobalSection
	GlobalSection(ProjectConfigurationPlatforms) = postSolution
		{4F21C271-52F2-4DEC-B5D8-EBEBFA079832}.Debug|Any CPU.ActiveCfg = Debug|Any CPU
		{4F21C271-52F2-4DEC-B5D8-EBEBFA079832}.Debug|Any CPU.Build.0 = Debug|Any CPU
		{4F21C271-52F2-4DEC-B5D8-EBEBFA079832}.Release|Any CPU.ActiveCfg = Release|Any CPU
		{4F21C271-52F2-4DEC-B5D8-EBEBFA079832}.Release|Any CPU.Build.0 = Release|Any CPU
	EndGlobalSection
	GlobalSection(SolutionProperties) = preSolution
		HideSolutionNode = FALSE
	EndGlobalSection
	GlobalSection(ExtensibilityGlobals) = postSolution
		SolutionGuid = {8CF0B348-AA0B-4BCB-ABD5-1BDC7DAA3C5C}
	EndGlobalSection
EndGlobal
