
Microsoft Visual Studio Solution File, Format Version 12.00
# Visual Studio Version 16
VisualStudioVersion = 16.0.31320.298
MinimumVisualStudioVersion = 10.0.40219.1
Project("{FAE04EC0-301F-11D3-BF4B-00C04F79EFBC}") = "PartialExample", "PartialExample.csproj", "{6D6BA050-F0EF-4B77-BDE7-C4C5B3B71143}"
EndProject
Global
	GlobalSection(SolutionConfigurationPlatforms) = preSolution
		Debug|Any CPU = Debug|Any CPU
		Release|Any CPU = Release|Any CPU
	EndGlobalSection
	GlobalSection(ProjectConfigurationPlatforms) = postSolution
		{6D6BA050-F0EF-4B77-BDE7-C4C5B3B71143}.Debug|Any CPU.ActiveCfg = Debug|Any CPU
		{6D6BA050-F0EF-4B77-BDE7-C4C5B3B71143}.Debug|Any CPU.Build.0 = Debug|Any CPU
		{6D6BA050-F0EF-4B77-BDE7-C4C5B3B71143}.Release|Any CPU.ActiveCfg = Release|Any CPU
		{6D6BA050-F0EF-4B77-BDE7-C4C5B3B71143}.Release|Any CPU.Build.0 = Release|Any CPU
	EndGlobalSection
	GlobalSection(SolutionProperties) = preSolution
		HideSolutionNode = FALSE
	EndGlobalSection
	GlobalSection(ExtensibilityGlobals) = postSolution
		SolutionGuid = {C952DC85-38C0-4830-A2A9-3718A3640239}
	EndGlobalSection
EndGlobal
