
Microsoft Visual Studio Solution File, Format Version 12.00
# Visual Studio Version 17
VisualStudioVersion = 17.0.31612.314
MinimumVisualStudioVersion = 10.0.40219.1
Project("{9A19103F-16F7-4668-BE54-9A1E7A4F7556}") = "CityBreaks", "CityBreaks\CityBreaks.csproj", "{56D0F61F-EB42-4AC8-BE3E-634DC244FB34}"
EndProject
Global
	GlobalSection(SolutionConfigurationPlatforms) = preSolution
		Debug|Any CPU = Debug|Any CPU
		Release|Any CPU = Release|Any CPU
	EndGlobalSection
	GlobalSection(ProjectConfigurationPlatforms) = postSolution
		{56D0F61F-EB42-4AC8-BE3E-634DC244FB34}.Debug|Any CPU.ActiveCfg = Debug|Any CPU
		{56D0F61F-EB42-4AC8-BE3E-634DC244FB34}.Debug|Any CPU.Build.0 = Debug|Any CPU
		{56D0F61F-EB42-4AC8-BE3E-634DC244FB34}.Release|Any CPU.ActiveCfg = Release|Any CPU
		{56D0F61F-EB42-4AC8-BE3E-634DC244FB34}.Release|Any CPU.Build.0 = Release|Any CPU
	EndGlobalSection
	GlobalSection(SolutionProperties) = preSolution
		HideSolutionNode = FALSE
	EndGlobalSection
	GlobalSection(ExtensibilityGlobals) = postSolution
		SolutionGuid = {440F5B73-E749-48D3-80A6-41500195B59C}
	EndGlobalSection
EndGlobal
