
Microsoft Visual Studio Solution File, Format Version 12.00
# Visual Studio Version 17
VisualStudioVersion = 17.0.31423.177
MinimumVisualStudioVersion = 10.0.40219.1
Project("{9A19103F-16F7-4668-BE54-9A1E7A4F7556}") = "CityBreaks", "CityBreaks\CityBreaks.csproj", "{1CB878A9-B111-4BFF-BF41-4115E5E383B9}"
EndProject
Global
	GlobalSection(SolutionConfigurationPlatforms) = preSolution
		Debug|Any CPU = Debug|Any CPU
		Release|Any CPU = Release|Any CPU
	EndGlobalSection
	GlobalSection(ProjectConfigurationPlatforms) = postSolution
		{1CB878A9-B111-4BFF-BF41-4115E5E383B9}.Debug|Any CPU.ActiveCfg = Debug|Any CPU
		{1CB878A9-B111-4BFF-BF41-4115E5E383B9}.Debug|Any CPU.Build.0 = Debug|Any CPU
		{1CB878A9-B111-4BFF-BF41-4115E5E383B9}.Release|Any CPU.ActiveCfg = Release|Any CPU
		{1CB878A9-B111-4BFF-BF41-4115E5E383B9}.Release|Any CPU.Build.0 = Release|Any CPU
	EndGlobalSection
	GlobalSection(SolutionProperties) = preSolution
		HideSolutionNode = FALSE
	EndGlobalSection
	GlobalSection(ExtensibilityGlobals) = postSolution
		SolutionGuid = {1925E030-4F60-4E0F-AE86-EDC3028BD2BF}
	EndGlobalSection
EndGlobal
