
Microsoft Visual Studio Solution File, Format Version 12.00
# Visual Studio Version 17
VisualStudioVersion = 17.0.31423.177
MinimumVisualStudioVersion = 10.0.40219.1
Project("{9A19103F-16F7-4668-BE54-9A1E7A4F7556}") = "CityBreaks", "CityBreaks\CityBreaks.csproj", "{D062DF0E-5568-4C04-947F-2EB36D49D1E1}"
EndProject
Global
	GlobalSection(SolutionConfigurationPlatforms) = preSolution
		Debug|Any CPU = Debug|Any CPU
		Release|Any CPU = Release|Any CPU
	EndGlobalSection
	GlobalSection(ProjectConfigurationPlatforms) = postSolution
		{D062DF0E-5568-4C04-947F-2EB36D49D1E1}.Debug|Any CPU.ActiveCfg = Debug|Any CPU
		{D062DF0E-5568-4C04-947F-2EB36D49D1E1}.Debug|Any CPU.Build.0 = Debug|Any CPU
		{D062DF0E-5568-4C04-947F-2EB36D49D1E1}.Release|Any CPU.ActiveCfg = Release|Any CPU
		{D062DF0E-5568-4C04-947F-2EB36D49D1E1}.Release|Any CPU.Build.0 = Release|Any CPU
	EndGlobalSection
	GlobalSection(SolutionProperties) = preSolution
		HideSolutionNode = FALSE
	EndGlobalSection
	GlobalSection(ExtensibilityGlobals) = postSolution
		SolutionGuid = {E6A9BB66-B76E-41C6-AB28-B581C8B905CE}
	EndGlobalSection
EndGlobal
